
Microsoft Visual Studio Solution File, Format Version 11.00
# Visual Studio 2010
Project("{FAE04EC0-301F-11D3-BF4B-00C04F79EFBC}") = "Timer Alarm", "Timer Alarm\Timer Alarm.csproj", "{3403E572-D6A7-4B23-B62C-931CD4506A77}"
EndProject
Global
	GlobalSection(SolutionConfigurationPlatforms) = preSolution
		Debug|x86 = Debug|x86
		Release|x86 = Release|x86
	EndGlobalSection
	GlobalSection(ProjectConfigurationPlatforms) = postSolution
		{3403E572-D6A7-4B23-B62C-931CD4506A77}.Debug|x86.ActiveCfg = Debug|x86
		{3403E572-D6A7-4B23-B62C-931CD4506A77}.Debug|x86.Build.0 = Debug|x86
		{3403E572-D6A7-4B23-B62C-931CD4506A77}.Release|x86.ActiveCfg = Release|x86
		{3403E572-D6A7-4B23-B62C-931CD4506A77}.Release|x86.Build.0 = Release|x86
	EndGlobalSection
	GlobalSection(SolutionProperties) = preSolution
		HideSolutionNode = FALSE
	EndGlobalSection
EndGlobal
